# This file is autogenerated, do not edit; changes may be undone by the next 'dep ensure'.


[[projects]]
  digest = "1:7c56e4e9c4d34167c30636d4b22ac2316d74ce1d14a78bc7a828f03603d410f3"
  name = "github.com/parnurzeal/gorequest"
  packages = ["."]
  pruneopts = "UT"
  revision = "b735e503d8bf955a72baf89723cdb50ab0bd668c"
  version = "v0.2.16"

[[projects]]
  digest = "1:9e1d37b58d17113ec3cb5608ac0382313c5b59470b94ed97d0976e69c7022314"
  name = "github.com/pkg/errors"
  packages = ["."]
  pruneopts = "UT"
  revision = "614d223910a179a466c1767a985424175c39b465"
  version = "v0.9.1"

[[projects]]
  branch = "master"
  digest = "1:4d02b57b109d7a6a87d9ed6bf8026f32bfb04f86e5bf49e0d81e1c98cf46a965"
  name = "golang.org/x/net"
  packages = [
    "idna",
    "publicsuffix",
  ]
  pruneopts = "UT"
  revision = "118fecf932d8fea033f3b7aca66fba22cfdd517d"

[[projects]]
  digest = "1:8d8faad6b12a3a4c819a3f9618cb6ee1fa1cfc33253abeeea8b55336721e3405"
  name = "golang.org/x/text"
  packages = [
    "collate",
    "collate/build",
    "internal/colltab",
    "internal/gen",
    "internal/language",
    "internal/language/compact",
    "internal/tag",
    "internal/triegen",
    "internal/ucd",
    "language",
    "secure/bidirule",
    "transform",
    "unicode/bidi",
    "unicode/cldr",
    "unicode/norm",
    "unicode/rangetable",
  ]
  pruneopts = "UT"
  revision = "342b2e1fbaa52c93f31447ad2c6abc048c63e475"
  version = "v0.3.2"

[[projects]]
  digest = "1:0a34c52b9d104b6931a16b86d64374835ad6e7ed87a8c540f2883f5f1553890e"
  name = "moul.io/http2curl"
  packages = ["."]
  pruneopts = "UT"
  revision = "9280a7ca1854f93dfee71d5e7d448627123efaf5"
  version = "v2.2.0"

[solve-meta]
  analyzer-name = "dep"
  analyzer-version = 1
  input-imports = ["github.com/parnurzeal/gorequest"]
  solver-name = "gps-cdcl"
  solver-version = 1
